
Microsoft Visual Studio Solution File, Format Version 12.00
# Visual Studio Version 17
VisualStudioVersion = 17.11.35327.3
MinimumVisualStudioVersion = 10.0.40219.1
Project("{FAE04EC0-301F-11D3-BF4B-00C04F79EFBC}") = "CV_v2", "CV_v2.csproj", "{4A883C34-8897-47F0-A90D-563ED6AAAB16}"
EndProject
Global
	GlobalSection(SolutionConfigurationPlatforms) = preSolution
		Debug|Any CPU = Debug|Any CPU
		Release|Any CPU = Release|Any CPU
	EndGlobalSection
	GlobalSection(ProjectConfigurationPlatforms) = postSolution
		{4A883C34-8897-47F0-A90D-563ED6AAAB16}.Debug|Any CPU.ActiveCfg = Debug|Any CPU
		{4A883C34-8897-47F0-A90D-563ED6AAAB16}.Debug|Any CPU.Build.0 = Debug|Any CPU
		{4A883C34-8897-47F0-A90D-563ED6AAAB16}.Release|Any CPU.ActiveCfg = Release|Any CPU
		{4A883C34-8897-47F0-A90D-563ED6AAAB16}.Release|Any CPU.Build.0 = Release|Any CPU
	EndGlobalSection
	GlobalSection(SolutionProperties) = preSolution
		HideSolutionNode = FALSE
	EndGlobalSection
	GlobalSection(ExtensibilityGlobals) = postSolution
		SolutionGuid = {70AF875B-D235-4E4D-A831-923E42BABB2E}
	EndGlobalSection
EndGlobal
